
Microsoft Visual Studio Solution File, Format Version 12.00
# Visual Studio Version 17
VisualStudioVersion = 17.3.32929.385
MinimumVisualStudioVersion = 10.0.40219.1
Project("{FAE04EC0-301F-11D3-BF4B-00C04F79EFBC}") = "Assignment2-WinFormsApp", "Assignment2-WinFormsApp\Assignment2-WinFormsApp.csproj", "{32F35D30-6482-4969-9336-51F74E56EEFD}"
EndProject
Global
	GlobalSection(SolutionConfigurationPlatforms) = preSolution
		Debug|Any CPU = Debug|Any CPU
		Release|Any CPU = Release|Any CPU
	EndGlobalSection
	GlobalSection(ProjectConfigurationPlatforms) = postSolution
		{32F35D30-6482-4969-9336-51F74E56EEFD}.Debug|Any CPU.ActiveCfg = Debug|Any CPU
		{32F35D30-6482-4969-9336-51F74E56EEFD}.Debug|Any CPU.Build.0 = Debug|Any CPU
		{32F35D30-6482-4969-9336-51F74E56EEFD}.Release|Any CPU.ActiveCfg = Release|Any CPU
		{32F35D30-6482-4969-9336-51F74E56EEFD}.Release|Any CPU.Build.0 = Release|Any CPU
	EndGlobalSection
	GlobalSection(SolutionProperties) = preSolution
		HideSolutionNode = FALSE
	EndGlobalSection
	GlobalSection(ExtensibilityGlobals) = postSolution
		SolutionGuid = {D3285513-C59D-49A9-8931-E2BB676D7787}
	EndGlobalSection
EndGlobal
